PODS:
  - Starscream (4.0.0)
  - SwiftLint (0.39.1)

DEPENDENCIES:
  - Starscream
  - SwiftLint

SPEC REPOS:
  trunk:
    - Starscream
    - SwiftLint

SPEC CHECKSUMS:
  Starscream: 04b26f02727e10a002e6b5d21b188ba0d049910b
  SwiftLint: 55e96a4a4d537d4a3156859fc1c54bd24851a046

PODFILE CHECKSUM: 10661e4b190ae1ee3c01cd4634795eeaf414a04a

COCOAPODS: 1.8.4
